
Microsoft Visual Studio Solution File, Format Version 12.00
# Visual Studio Version 17
VisualStudioVersion = 17.14.37628.2 d17.14
MinimumVisualStudioVersion = 10.0.40219.1
Project("{FAE04EC0-301F-11D3-BF4B-00C04F79EFBC}") = "math.io", "ConsoleApp1\ConsoleApp1.csproj", "{B203676F-535D-4019-9AAF-6B12C9EEFFB1}"
EndProject
Global
	GlobalSection(SolutionConfigurationPlatforms) = preSolution
		Debug|Any CPU = Debug|Any CPU
		Release|Any CPU = Release|Any CPU
	EndGlobalSection
	GlobalSection(ProjectConfigurationPlatforms) = postSolution
		{B203676F-535D-4019-9AAF-6B12C9EEFFB1}.Debug|Any CPU.ActiveCfg = Debug|Any CPU
		{B203676F-535D-4019-9AAF-6B12C9EEFFB1}.Debug|Any CPU.Build.0 = Debug|Any CPU
		{B203676F-535D-4019-9AAF-6B12C9EEFFB1}.Release|Any CPU.ActiveCfg = Release|Any CPU
		{B203676F-535D-4019-9AAF-6B12C9EEFFB1}.Release|Any CPU.Build.0 = Release|Any CPU
	EndGlobalSection
	GlobalSection(SolutionProperties) = preSolution
		HideSolutionNode = FALSE
	EndGlobalSection
	GlobalSection(ExtensibilityGlobals) = postSolution
		SolutionGuid = {B521A6F1-D4B5-4E74-8FA9-EE5A2DB0E301}
	EndGlobalSection
EndGlobal
